<?xml version="1.0" encoding="utf-8"?>
<Project ToolsVersion="4.0" xmlns="http://schemas.microsoft.com/developer/msbuild/2003">
  <ItemGroup>
    <Filter Include="소스 파일">
      <UniqueIdentifier>{4FC737F1-C7A5-4376-A066-2A32D752A2FF}</UniqueIdentifier>
      <Extensions>cpp;c;cc;cxx;c++;cppm;ixx;def;odl;idl;hpj;bat;asm;asmx</Extensions>
    </Filter>
    <Filter Include="리소스 파일">
      <UniqueIdentifier>{67DA6AB6-F800-4c08-8B7A-83BB121AAD01}</UniqueIdentifier>
      <Extensions>rc;ico;cur;bmp;dlg;rc2;rct;bin;rgs;gif;jpg;jpeg;jpe;resx;tiff;tif;png;wav;mfcribbon-ms</Extensions>
    </Filter>
    <Filter Include="소스 파일\01. Main">
      <UniqueIdentifier>{b95cda80-c310-4511-99a1-7749b5c54506}</UniqueIdentifier>
    </Filter>
    <Filter Include="소스 파일\99. Headers">
      <UniqueIdentifier>{0bb06e6b-bec5-4bd5-86ab-7449c51082dd}</UniqueIdentifier>
    </Filter>
    <Filter Include="소스 파일\99. Headers\Andromeda">
      <UniqueIdentifier>{c09d2f04-473f-4cb2-b632-86148556e30f}</UniqueIdentifier>
    </Filter>
    <Filter Include="소스 파일\00. Engine">
      <UniqueIdentifier>{2589c27e-d9b0-4923-affa-8c0a21106f33}</UniqueIdentifier>
    </Filter>
    <Filter Include="소스 파일\00. Engine\Pipeline">
      <UniqueIdentifier>{e3ec3fab-34b5-4eec-ae54-39cd72b00962}</UniqueIdentifier>
    </Filter>
    <Filter Include="소스 파일\00. Engine\Pipeline\00. Geometry">
      <UniqueIdentifier>{6f5d6a18-a2f5-4944-af7c-a399225f6dde}</UniqueIdentifier>
    </Filter>
    <Filter Include="소스 파일\00. Engine\Pipeline\01. InputAssembler">
      <UniqueIdentifier>{9e05fc2c-296e-4109-a88e-8e0bbd68dd2e}</UniqueIdentifier>
    </Filter>
    <Filter Include="소스 파일\00. Engine\Pipeline\02. VertexShader">
      <UniqueIdentifier>{71fcad94-9034-4193-b52b-ec96268581df}</UniqueIdentifier>
    </Filter>
    <Filter Include="소스 파일\00. Engine\Pipeline\04. PixelShader">
      <UniqueIdentifier>{af445dd8-ef16-49d3-bba7-e9005be20fe7}</UniqueIdentifier>
    </Filter>
    <Filter Include="소스 파일\00. Engine\Pipeline\05. OutputMerger">
      <UniqueIdentifier>{0d456bae-3e87-4864-9bb0-fa557ab101d9}</UniqueIdentifier>
    </Filter>
    <Filter Include="소스 파일\99. Headers\Utils">
      <UniqueIdentifier>{045b862f-4068-4de0-b1db-be60008a35be}</UniqueIdentifier>
    </Filter>
    <Filter Include="소스 파일\98.Shaders">
      <UniqueIdentifier>{43c6853c-e82e-4d5e-9fd2-a88a75530ac0}</UniqueIdentifier>
    </Filter>
    <Filter Include="소스 파일\00. Engine\Component">
      <UniqueIdentifier>{7abda68a-0663-445f-8c54-799e0176a2c3}</UniqueIdentifier>
    </Filter>
    <Filter Include="소스 파일\00. Engine\Component\Animation">
      <UniqueIdentifier>{49272c36-cc1a-46fa-a832-cb8d356a2a82}</UniqueIdentifier>
    </Filter>
    <Filter Include="소스 파일\00. Engine\Component\Rendering">
      <UniqueIdentifier>{68c69af1-f74c-41e2-86af-3598d299ae00}</UniqueIdentifier>
    </Filter>
    <Filter Include="소스 파일\00. Engine\Resource">
      <UniqueIdentifier>{0afae5b9-9b14-44fa-95fe-f1717bb230bb}</UniqueIdentifier>
    </Filter>
    <Filter Include="소스 파일\00. Engine\GameObject">
      <UniqueIdentifier>{aa71bc06-9304-472d-bbaa-aa7906ac9502}</UniqueIdentifier>
    </Filter>
    <Filter Include="소스 파일\00. Engine\Pipeline\03. Rasterizer">
      <UniqueIdentifier>{a6f66601-5602-4bfa-af46-1696731c9ec0}</UniqueIdentifier>
    </Filter>
    <Filter Include="소스 파일\00. Engine\Manager">
      <UniqueIdentifier>{5deca1b8-e0ad-4fef-8934-bc4d029d0770}</UniqueIdentifier>
    </Filter>
    <Filter Include="소스 파일\00. Engine\Manager\Input">
      <UniqueIdentifier>{35873a98-3be2-4b98-8dbc-9a957fa5732b}</UniqueIdentifier>
    </Filter>
    <Filter Include="소스 파일\00. Engine\Manager\Scene">
      <UniqueIdentifier>{2fa311dd-8d20-43de-9296-2ce7902d89c2}</UniqueIdentifier>
    </Filter>
    <Filter Include="소스 파일\00. Engine\Manager\Time">
      <UniqueIdentifier>{af134ffd-8881-47ee-a025-6b230b1dd5fb}</UniqueIdentifier>
    </Filter>
    <Filter Include="소스 파일\00. Engine\Manager\Render">
      <UniqueIdentifier>{18062b3f-1150-4a9d-bafb-0c1799359a3c}</UniqueIdentifier>
    </Filter>
    <Filter Include="소스 파일\00. Engine\Manager\Resource">
      <UniqueIdentifier>{8fbe2780-18aa-43dc-8eab-3415f30a3eeb}</UniqueIdentifier>
    </Filter>
    <Filter Include="소스 파일\00. Engine\Component\Camera">
      <UniqueIdentifier>{6d1cf79d-5157-402c-bf0a-e2c732a8fea6}</UniqueIdentifier>
    </Filter>
  </ItemGroup>
  <ItemGroup>
    <ClInclude Include="GameCoding.h">
      <Filter>소스 파일\01. Main</Filter>
    </ClInclude>
    <ClInclude Include="framework.h">
      <Filter>소스 파일\99. Headers\Andromeda</Filter>
    </ClInclude>
    <ClInclude Include="Resource.h">
      <Filter>소스 파일\99. Headers\Andromeda</Filter>
    </ClInclude>
    <ClInclude Include="targetver.h">
      <Filter>소스 파일\99. Headers\Andromeda</Filter>
    </ClInclude>
    <ClInclude Include="Types.h">
      <Filter>소스 파일\99. Headers</Filter>
    </ClInclude>
    <ClInclude Include="Game.h">
      <Filter>소스 파일\01. Main</Filter>
    </ClInclude>
    <ClInclude Include="SimpleMath.h">
      <Filter>소스 파일\99. Headers\Utils</Filter>
    </ClInclude>
    <ClInclude Include="Graphics.h">
      <Filter>소스 파일\00. Engine\Pipeline</Filter>
    </ClInclude>
    <ClInclude Include="pch.h">
      <Filter>소스 파일\99. Headers</Filter>
    </ClInclude>
    <ClInclude Include="IndexBuffer.h">
      <Filter>소스 파일\00. Engine\Pipeline\01. InputAssembler</Filter>
    </ClInclude>
    <ClInclude Include="InputLayout.h">
      <Filter>소스 파일\00. Engine\Pipeline\01. InputAssembler</Filter>
    </ClInclude>
    <ClInclude Include="VertexBuffer.h">
      <Filter>소스 파일\00. Engine\Pipeline\01. InputAssembler</Filter>
    </ClInclude>
    <ClInclude Include="Struct.h">
      <Filter>소스 파일\99. Headers</Filter>
    </ClInclude>
    <ClInclude Include="ShaderBase.h">
      <Filter>소스 파일\00. Engine\Pipeline\02. VertexShader</Filter>
    </ClInclude>
    <ClInclude Include="Geometry.h">
      <Filter>소스 파일\00. Engine\Pipeline\00. Geometry</Filter>
    </ClInclude>
    <ClInclude Include="GeometryHelper.h">
      <Filter>소스 파일\00. Engine\Pipeline\00. Geometry</Filter>
    </ClInclude>
    <ClInclude Include="VertexData.h">
      <Filter>소스 파일\00. Engine\Pipeline\00. Geometry</Filter>
    </ClInclude>
    <ClInclude Include="ConstantBuffer.h">
      <Filter>소스 파일\00. Engine\Pipeline\02. VertexShader</Filter>
    </ClInclude>
    <ClInclude Include="BlendState.h">
      <Filter>소스 파일\00. Engine\Pipeline\05. OutputMerger</Filter>
    </ClInclude>
    <ClInclude Include="SamplerState.h">
      <Filter>소스 파일\00. Engine\Pipeline\04. PixelShader</Filter>
    </ClInclude>
    <ClInclude Include="RasterizerState.h">
      <Filter>소스 파일\00. Engine\Pipeline\03. Rasterizer</Filter>
    </ClInclude>
    <ClInclude Include="Pipeline.h">
      <Filter>소스 파일\00. Engine\Pipeline</Filter>
    </ClInclude>
    <ClInclude Include="GameObject.h">
      <Filter>소스 파일\00. Engine\GameObject</Filter>
    </ClInclude>
    <ClInclude Include="Component.h">
      <Filter>소스 파일\00. Engine\Component</Filter>
    </ClInclude>
    <ClInclude Include="Transform.h">
      <Filter>소스 파일\00. Engine\Component</Filter>
    </ClInclude>
    <ClInclude Include="MonoBehavior.h">
      <Filter>소스 파일\00. Engine\Component</Filter>
    </ClInclude>
    <ClInclude Include="Camera.h">
      <Filter>소스 파일\00. Engine\Component\Camera</Filter>
    </ClInclude>
    <ClInclude Include="MeshRenderer.h">
      <Filter>소스 파일\00. Engine\Component\Rendering</Filter>
    </ClInclude>
    <ClInclude Include="SceneManager.h">
      <Filter>소스 파일\00. Engine\Manager\Scene</Filter>
    </ClInclude>
    <ClInclude Include="Scene.h">
      <Filter>소스 파일\00. Engine\Manager\Scene</Filter>
    </ClInclude>
    <ClInclude Include="InputManager.h">
      <Filter>소스 파일\00. Engine\Manager\Input</Filter>
    </ClInclude>
    <ClInclude Include="TimeManager.h">
      <Filter>소스 파일\00. Engine\Manager\Time</Filter>
    </ClInclude>
    <ClInclude Include="ResourceBase.h">
      <Filter>소스 파일\00. Engine\Manager\Resource</Filter>
    </ClInclude>
    <ClInclude Include="ResourceManager.h">
      <Filter>소스 파일\00. Engine\Manager\Resource</Filter>
    </ClInclude>
    <ClInclude Include="Texture.h">
      <Filter>소스 파일\00. Engine\Resource</Filter>
    </ClInclude>
    <ClInclude Include="Shader.h">
      <Filter>소스 파일\00. Engine\Resource</Filter>
    </ClInclude>
    <ClInclude Include="Material.h">
      <Filter>소스 파일\00. Engine\Resource</Filter>
    </ClInclude>
    <ClInclude Include="Animation.h">
      <Filter>소스 파일\00. Engine\Resource</Filter>
    </ClInclude>
    <ClInclude Include="RenderManager.h">
      <Filter>소스 파일\00. Engine\Manager\Render</Filter>
    </ClInclude>
    <ClInclude Include="RenderHelper.h">
      <Filter>소스 파일\00. Engine\Manager\Render</Filter>
    </ClInclude>
    <ClInclude Include="Mesh.h">
      <Filter>소스 파일\00. Engine\Resource</Filter>
    </ClInclude>
    <ClInclude Include="Animator.h">
      <Filter>소스 파일\00. Engine\Component\Animation</Filter>
    </ClInclude>
    <ClInclude Include="CameraMove.h">
      <Filter>소스 파일\01. Main</Filter>
    </ClInclude>
    <ClInclude Include="tinyxml2.h">
      <Filter>소스 파일\99. Headers\Utils</Filter>
    </ClInclude>
  </ItemGroup>
  <ItemGroup>
    <ResourceCompile Include="GameCoding.rc">
      <Filter>리소스 파일</Filter>
    </ResourceCompile>
  </ItemGroup>
  <ItemGroup>
    <Image Include="small.ico">
      <Filter>리소스 파일</Filter>
    </Image>
    <Image Include="GameCoding.ico">
      <Filter>리소스 파일</Filter>
    </Image>
  </ItemGroup>
  <ItemGroup>
    <ClCompile Include="GameCoding.cpp">
      <Filter>소스 파일\01. Main</Filter>
    </ClCompile>
    <ClCompile Include="Values.h">
      <Filter>소스 파일\99. Headers</Filter>
    </ClCompile>
    <ClCompile Include="Game.cpp">
      <Filter>소스 파일\01. Main</Filter>
    </ClCompile>
    <ClCompile Include="Graphics.cpp">
      <Filter>소스 파일\00. Engine\Pipeline</Filter>
    </ClCompile>
    <ClCompile Include="SimpleMath.cpp">
      <Filter>소스 파일\99. Headers\Utils</Filter>
    </ClCompile>
    <ClCompile Include="pch.cpp">
      <Filter>소스 파일\99. Headers</Filter>
    </ClCompile>
    <ClCompile Include="IndexBuffer.cpp">
      <Filter>소스 파일\00. Engine\Pipeline\01. InputAssembler</Filter>
    </ClCompile>
    <ClCompile Include="InputLayout.cpp">
      <Filter>소스 파일\00. Engine\Pipeline\01. InputAssembler</Filter>
    </ClCompile>
    <ClCompile Include="VertexBuffer.cpp">
      <Filter>소스 파일\00. Engine\Pipeline\01. InputAssembler</Filter>
    </ClCompile>
    <ClCompile Include="ShaderBase.cpp">
      <Filter>소스 파일\00. Engine\Pipeline\02. VertexShader</Filter>
    </ClCompile>
    <ClCompile Include="Geometry.cpp">
      <Filter>소스 파일\00. Engine\Pipeline\00. Geometry</Filter>
    </ClCompile>
    <ClCompile Include="GeometryHelper.cpp">
      <Filter>소스 파일\00. Engine\Pipeline\00. Geometry</Filter>
    </ClCompile>
    <ClCompile Include="VertexData.cpp">
      <Filter>소스 파일\00. Engine\Pipeline\00. Geometry</Filter>
    </ClCompile>
    <ClCompile Include="ConstantBuffer.cpp">
      <Filter>소스 파일\00. Engine\Pipeline\02. VertexShader</Filter>
    </ClCompile>
    <ClCompile Include="BlendState.cpp">
      <Filter>소스 파일\00. Engine\Pipeline\05. OutputMerger</Filter>
    </ClCompile>
    <ClCompile Include="SamplerState.cpp">
      <Filter>소스 파일\00. Engine\Pipeline\04. PixelShader</Filter>
    </ClCompile>
    <ClCompile Include="RasterizerState.cpp">
      <Filter>소스 파일\00. Engine\Pipeline\03. Rasterizer</Filter>
    </ClCompile>
    <ClCompile Include="Pipeline.cpp">
      <Filter>소스 파일\00. Engine\Pipeline</Filter>
    </ClCompile>
    <ClCompile Include="GameObject.cpp">
      <Filter>소스 파일\00. Engine\GameObject</Filter>
    </ClCompile>
    <ClCompile Include="Component.cpp">
      <Filter>소스 파일\00. Engine\Component</Filter>
    </ClCompile>
    <ClCompile Include="Transform.cpp">
      <Filter>소스 파일\00. Engine\Component</Filter>
    </ClCompile>
    <ClCompile Include="MonoBehavior.cpp">
      <Filter>소스 파일\00. Engine\Component</Filter>
    </ClCompile>
    <ClCompile Include="Camera.cpp">
      <Filter>소스 파일\00. Engine\Component\Camera</Filter>
    </ClCompile>
    <ClCompile Include="MeshRenderer.cpp">
      <Filter>소스 파일\00. Engine\Component\Rendering</Filter>
    </ClCompile>
    <ClCompile Include="SceneManager.cpp">
      <Filter>소스 파일\00. Engine\Manager\Scene</Filter>
    </ClCompile>
    <ClCompile Include="Scene.cpp">
      <Filter>소스 파일\00. Engine\Manager\Scene</Filter>
    </ClCompile>
    <ClCompile Include="InputManager.cpp">
      <Filter>소스 파일\00. Engine\Manager\Input</Filter>
    </ClCompile>
    <ClCompile Include="TimeManager.cpp">
      <Filter>소스 파일\00. Engine\Manager\Time</Filter>
    </ClCompile>
    <ClCompile Include="ResourceBase.cpp">
      <Filter>소스 파일\00. Engine\Manager\Resource</Filter>
    </ClCompile>
    <ClCompile Include="ResourceManager.cpp">
      <Filter>소스 파일\00. Engine\Manager\Resource</Filter>
    </ClCompile>
    <ClCompile Include="Texture.cpp">
      <Filter>소스 파일\00. Engine\Resource</Filter>
    </ClCompile>
    <ClCompile Include="Shader.cpp">
      <Filter>소스 파일\00. Engine\Resource</Filter>
    </ClCompile>
    <ClCompile Include="Material.cpp">
      <Filter>소스 파일\00. Engine\Resource</Filter>
    </ClCompile>
    <ClCompile Include="Animation.cpp">
      <Filter>소스 파일\00. Engine\Resource</Filter>
    </ClCompile>
    <ClCompile Include="RenderManager.cpp">
      <Filter>소스 파일\00. Engine\Manager\Render</Filter>
    </ClCompile>
    <ClCompile Include="RenderHelper.cpp">
      <Filter>소스 파일\00. Engine\Manager\Render</Filter>
    </ClCompile>
    <ClCompile Include="Mesh.cpp">
      <Filter>소스 파일\00. Engine\Resource</Filter>
    </ClCompile>
    <ClCompile Include="Animator.cpp">
      <Filter>소스 파일\00. Engine\Component\Animation</Filter>
    </ClCompile>
    <ClCompile Include="CameraMove.cpp">
      <Filter>소스 파일\01. Main</Filter>
    </ClCompile>
    <ClCompile Include="tinyxml2.cpp">
      <Filter>소스 파일\99. Headers\Utils</Filter>
    </ClCompile>
  </ItemGroup>
  <ItemGroup>
    <FxCompile Include="Default.hlsl">
      <Filter>소스 파일\98.Shaders</Filter>
    </FxCompile>
    <FxCompile Include="Color.hlsl">
      <Filter>소스 파일\98.Shaders</Filter>
    </FxCompile>
  </ItemGroup>
  <ItemGroup>
    <None Include="SimpleMath.inl">
      <Filter>소스 파일\99. Headers\Utils</Filter>
    </None>
  </ItemGroup>
</Project>